github.com/rabbitmq/amqp091-go v1.10.0 h1:STpn5XsHlHGcecLmMFCtg7mqq0RnD+zFr4uzukfVhBw=
github.com/rabbitmq/amqp091-go v1.10.0/go.mod h1:Hy4jKW5kQART1u+JkDTF9YYOQUHXqMuhrgxOEeS7G4o=
github.com/smarty/gunit v1.6.0 h1:27yDmXz5ydI6bYN0A1ltJvtekRY6H3bQJZz0ifJIeVY=
github.com/smarty/gunit v1.6.0/go.mod h1:4kEWyZ1xFTEwkEfCpjmIRejP9CHn2Q9F4NP6SmAR+fg=
go.uber.org/goleak v1.3.0 h1:2K3zAYmnTNqV73imy9J1T3WC+gmCePx2hEGkimedGto=
go.uber.org/goleak v1.3.0/go.mod h1:CoHD4mav9JJNrW/WLlf7HGZPjdw8EucARQHekz1X6bE=
